
Microsoft Visual Studio Solution File, Format Version 12.00
# Visual Studio Version 17
VisualStudioVersion = 17.14.35806.103 d17.14
MinimumVisualStudioVersion = 10.0.40219.1
Project("{FAE04EC0-301F-11D3-BF4B-00C04F79EFBC}") = "Security&Bug_Reports", "Security&Bug_Reports.csproj", "{FD445857-289B-48FA-8375-7A18E126E61C}"
EndProject
Global
	GlobalSection(SolutionConfigurationPlatforms) = preSolution
		Debug|Any CPU = Debug|Any CPU
		Release|Any CPU = Release|Any CPU
	EndGlobalSection
	GlobalSection(ProjectConfigurationPlatforms) = postSolution
		{FD445857-289B-48FA-8375-7A18E126E61C}.Debug|Any CPU.ActiveCfg = Debug|Any CPU
		{FD445857-289B-48FA-8375-7A18E126E61C}.Debug|Any CPU.Build.0 = Debug|Any CPU
		{FD445857-289B-48FA-8375-7A18E126E61C}.Release|Any CPU.ActiveCfg = Release|Any CPU
		{FD445857-289B-48FA-8375-7A18E126E61C}.Release|Any CPU.Build.0 = Release|Any CPU
	EndGlobalSection
	GlobalSection(SolutionProperties) = preSolution
		HideSolutionNode = FALSE
	EndGlobalSection
	GlobalSection(ExtensibilityGlobals) = postSolution
		SolutionGuid = {6EC5A19F-39B6-4036-A2D0-CE916C504FE5}
	EndGlobalSection
EndGlobal
